# This file is automatically @generated by Poetry 2.1.1 and should not be changed by hand.

[[package]]
name = "blinker"
version = "1.8.2"
description = "Fast, simple object-to-object and broadcast signaling"
optional = false
python-versions = ">=3.8"
groups = ["main"]
files = [
    {file = "blinker-1.8.2-py3-none-any.whl", hash = "sha256:1779309f71bf239144b9399d06ae925637cf6634cf6bd131104184531bf67c01"},
    {file = "blinker-1.8.2.tar.gz", hash = "sha256:8f77b09d3bf7c795e969e9486f39c2c5e9c39d4ee07424be2bc594ece9642d83"},
]

[metadata]
lock-version = "2.1"
python-versions = ">=3.9"
content-hash = "91ce8a6bf75d5d2b57fa2274d39a64bba3b5f31b9d37c840d99206ff5b3d0425"
